// !$*UTF8*$!
{
	archiveVersion = 1;
	classes = {
	};
	objectVersion = 46;
	objects = {

/* Begin PBXBuildFile section */
		D040BAAC247D72B9006D3A77 /* AlertProvider.swift in Sources */ = {isa = PBXBuildFile; fileRef = D040BAAB247D72B9006D3A77 /* AlertProvider.swift */; };
		D040BAAE247D7756006D3A77 /* NetworkService.swift in Sources */ = {isa = PBXBuildFile; fileRef = D040BAAD247D7756006D3A77 /* NetworkService.swift */; };
		D05B12BA1B372802008D62FA /* TorrentsWindowController.m in Sources */ = {isa = PBXBuildFile; fileRef = D05B12B81B372802008D62FA /* TorrentsWindowController.m */; };
		D05B12BB1B372802008D62FA /* TorrentsWindowController.xib in Resources */ = {isa = PBXBuildFile; fileRef = D05B12B91B372802008D62FA /* TorrentsWindowController.xib */; };
		D0780B851B35397D0034D275 /* AppDelegate.m in Sources */ = {isa = PBXBuildFile; fileRef = D0780B841B35397D0034D275 /* AppDelegate.m */; };
		D0780B871B35397D0034D275 /* main.m in Sources */ = {isa = PBXBuildFile; fileRef = D0780B861B35397D0034D275 /* main.m */; };
		D0780B891B35397D0034D275 /* Images.xcassets in Resources */ = {isa = PBXBuildFile; fileRef = D0780B881B35397D0034D275 /* Images.xcassets */; };
		D0780B8C1B35397D0034D275 /* MainMenu.xib in Resources */ = {isa = PBXBuildFile; fileRef = D0780B8A1B35397D0034D275 /* MainMenu.xib */; };
		D0780BA31B3539B40034D275 /* JTOXMLParser.m in Sources */ = {isa = PBXBuildFile; fileRef = D0780BA21B3539B40034D275 /* JTOXMLParser.m */; };
		D0780BA61B353A4D0034D275 /* Model.xcdatamodeld in Sources */ = {isa = PBXBuildFile; fileRef = D0780BA41B353A4D0034D275 /* Model.xcdatamodeld */; };
		D0780BA91B353BB40034D275 /* CoreDataService.m in Sources */ = {isa = PBXBuildFile; fileRef = D0780BA81B353BB40034D275 /* CoreDataService.m */; };
		D0780BAB1B353BED0034D275 /* CoreData.framework in Frameworks */ = {isa = PBXBuildFile; fileRef = D0780BAA1B353BED0034D275 /* CoreData.framework */; };
		D0780BB51B354A110034D275 /* SettingsWindowController.m in Sources */ = {isa = PBXBuildFile; fileRef = D0780BB31B354A110034D275 /* SettingsWindowController.m */; };
		D0780BB61B354A110034D275 /* SettingsWindowController.xib in Resources */ = {isa = PBXBuildFile; fileRef = D0780BB41B354A110034D275 /* SettingsWindowController.xib */; };
		D08072AB2440BA37001A3DAF /* AddSourceViewController.swift in Sources */ = {isa = PBXBuildFile; fileRef = D08072A92440BA37001A3DAF /* AddSourceViewController.swift */; };
		D08072AC2440BA37001A3DAF /* AddSourceView.xib in Resources */ = {isa = PBXBuildFile; fileRef = D08072AA2440BA37001A3DAF /* AddSourceView.xib */; };
		D09F474E247D7FB3004E84C7 /* NotificationExtensions.swift in Sources */ = {isa = PBXBuildFile; fileRef = D09F474D247D7FB3004E84C7 /* NotificationExtensions.swift */; };
		D0D180A424475BC600D9F535 /* StringExtensions.swift in Sources */ = {isa = PBXBuildFile; fileRef = D0D180A324475BC600D9F535 /* StringExtensions.swift */; };
		D0D180A724476E1E00D9F535 /* TorrentService.swift in Sources */ = {isa = PBXBuildFile; fileRef = D0D180A624476E1E00D9F535 /* TorrentService.swift */; };
		D0FA2AB01B38867A00B374FA /* Torrent.m in Sources */ = {isa = PBXBuildFile; fileRef = D0FA2AAF1B38867A00B374FA /* Torrent.m */; };
		D0FA2AB31B38867B00B374FA /* Source.m in Sources */ = {isa = PBXBuildFile; fileRef = D0FA2AB21B38867B00B374FA /* Source.m */; };
/* End PBXBuildFile section */

/* Begin PBXFileReference section */
		D040BAAB247D72B9006D3A77 /* AlertProvider.swift */ = {isa = PBXFileReference; lastKnownFileType = sourcecode.swift; path = AlertProvider.swift; sourceTree = "<group>"; };
		D040BAAD247D7756006D3A77 /* NetworkService.swift */ = {isa = PBXFileReference; lastKnownFileType = sourcecode.swift; path = NetworkService.swift; sourceTree = "<group>"; };
		D05B12B71B372802008D62FA /* TorrentsWindowController.h */ = {isa = PBXFileReference; fileEncoding = 4; lastKnownFileType = sourcecode.c.h; path = TorrentsWindowController.h; sourceTree = "<group>"; };
		D05B12B81B372802008D62FA /* TorrentsWindowController.m */ = {isa = PBXFileReference; fileEncoding = 4; lastKnownFileType = sourcecode.c.objc; path = TorrentsWindowController.m; sourceTree = "<group>"; };
		D05B12B91B372802008D62FA /* TorrentsWindowController.xib */ = {isa = PBXFileReference; fileEncoding = 4; lastKnownFileType = file.xib; path = TorrentsWindowController.xib; sourceTree = "<group>"; };
		D0780B7E1B35397D0034D275 /* Magnet Feed.app */ = {isa = PBXFileReference; explicitFileType = wrapper.application; includeInIndex = 0; path = "Magnet Feed.app"; sourceTree = BUILT_PRODUCTS_DIR; };
		D0780B821B35397D0034D275 /* Info.plist */ = {isa = PBXFileReference; lastKnownFileType = text.plist.xml; path = Info.plist; sourceTree = "<group>"; };
		D0780B831B35397D0034D275 /* AppDelegate.h */ = {isa = PBXFileReference; lastKnownFileType = sourcecode.c.h; path = AppDelegate.h; sourceTree = "<group>"; };
		D0780B841B35397D0034D275 /* AppDelegate.m */ = {isa = PBXFileReference; lastKnownFileType = sourcecode.c.objc; path = AppDelegate.m; sourceTree = "<group>"; };
		D0780B861B35397D0034D275 /* main.m */ = {isa = PBXFileReference; lastKnownFileType = sourcecode.c.objc; path = main.m; sourceTree = "<group>"; };
		D0780B881B35397D0034D275 /* Images.xcassets */ = {isa = PBXFileReference; lastKnownFileType = folder.assetcatalog; path = Images.xcassets; sourceTree = "<group>"; };
		D0780B8B1B35397D0034D275 /* Base */ = {isa = PBXFileReference; lastKnownFileType = file.xib; name = Base; path = Base.lproj/MainMenu.xib; sourceTree = "<group>"; };
		D0780B961B35397D0034D275 /* Info.plist */ = {isa = PBXFileReference; lastKnownFileType = text.plist.xml; path = Info.plist; sourceTree = "<group>"; };
		D0780B971B35397D0034D275 /* Magnet_FeedTests.m */ = {isa = PBXFileReference; lastKnownFileType = sourcecode.c.objc; path = Magnet_FeedTests.m; sourceTree = "<group>"; };
		D0780BA11B3539B40034D275 /* JTOXMLParser.h */ = {isa = PBXFileReference; fileEncoding = 4; lastKnownFileType = sourcecode.c.h; path = JTOXMLParser.h; sourceTree = "<group>"; };
		D0780BA21B3539B40034D275 /* JTOXMLParser.m */ = {isa = PBXFileReference; fileEncoding = 4; lastKnownFileType = sourcecode.c.objc; path = JTOXMLParser.m; sourceTree = "<group>"; };
		D0780BA51B353A4D0034D275 /* Model.xcdatamodel */ = {isa = PBXFileReference; lastKnownFileType = wrapper.xcdatamodel; path = Model.xcdatamodel; sourceTree = "<group>"; };
		D0780BA71B353BB40034D275 /* CoreDataService.h */ = {isa = PBXFileReference; fileEncoding = 4; lastKnownFileType = sourcecode.c.h; path = CoreDataService.h; sourceTree = "<group>"; };
		D0780BA81B353BB40034D275 /* CoreDataService.m */ = {isa = PBXFileReference; fileEncoding = 4; lastKnownFileType = sourcecode.c.objc; path = CoreDataService.m; sourceTree = "<group>"; };
		D0780BAA1B353BED0034D275 /* CoreData.framework */ = {isa = PBXFileReference; lastKnownFileType = wrapper.framework; name = CoreData.framework; path = System/Library/Frameworks/CoreData.framework; sourceTree = SDKROOT; };
		D0780BB21B354A110034D275 /* SettingsWindowController.h */ = {isa = PBXFileReference; fileEncoding = 4; lastKnownFileType = sourcecode.c.h; path = SettingsWindowController.h; sourceTree = "<group>"; };
		D0780BB31B354A110034D275 /* SettingsWindowController.m */ = {isa = PBXFileReference; fileEncoding = 4; lastKnownFileType = sourcecode.c.objc; path = SettingsWindowController.m; sourceTree = "<group>"; };
		D0780BB41B354A110034D275 /* SettingsWindowController.xib */ = {isa = PBXFileReference; fileEncoding = 4; lastKnownFileType = file.xib; path = SettingsWindowController.xib; sourceTree = "<group>"; };
		D08072A82440BA36001A3DAF /* Magnet Feed-Bridging-Header.h */ = {isa = PBXFileReference; lastKnownFileType = sourcecode.c.h; path = "Magnet Feed-Bridging-Header.h"; sourceTree = "<group>"; };
		D08072A92440BA37001A3DAF /* AddSourceViewController.swift */ = {isa = PBXFileReference; lastKnownFileType = sourcecode.swift; path = AddSourceViewController.swift; sourceTree = "<group>"; };
		D08072AA2440BA37001A3DAF /* AddSourceView.xib */ = {isa = PBXFileReference; lastKnownFileType = file.xib; path = AddSourceView.xib; sourceTree = "<group>"; };
		D09F474D247D7FB3004E84C7 /* NotificationExtensions.swift */ = {isa = PBXFileReference; lastKnownFileType = sourcecode.swift; path = NotificationExtensions.swift; sourceTree = "<group>"; };
		D0D180A324475BC600D9F535 /* StringExtensions.swift */ = {isa = PBXFileReference; lastKnownFileType = sourcecode.swift; path = StringExtensions.swift; sourceTree = "<group>"; };
		D0D180A624476E1E00D9F535 /* TorrentService.swift */ = {isa = PBXFileReference; lastKnownFileType = sourcecode.swift; path = TorrentService.swift; sourceTree = "<group>"; };
		D0FA2AAE1B38867A00B374FA /* Torrent.h */ = {isa = PBXFileReference; fileEncoding = 4; lastKnownFileType = sourcecode.c.h; path = Torrent.h; sourceTree = "<group>"; };
		D0FA2AAF1B38867A00B374FA /* Torrent.m */ = {isa = PBXFileReference; fileEncoding = 4; lastKnownFileType = sourcecode.c.objc; path = Torrent.m; sourceTree = "<group>"; };
		D0FA2AB11B38867B00B374FA /* Source.h */ = {isa = PBXFileReference; fileEncoding = 4; lastKnownFileType = sourcecode.c.h; path = Source.h; sourceTree = "<group>"; };
		D0FA2AB21B38867B00B374FA /* Source.m */ = {isa = PBXFileReference; fileEncoding = 4; lastKnownFileType = sourcecode.c.objc; path = Source.m; sourceTree = "<group>"; };
/* End PBXFileReference section */

/* Begin PBXFrameworksBuildPhase section */
		D0780B7B1B35397D0034D275 /* Frameworks */ = {
			isa = PBXFrameworksBuildPhase;
			buildActionMask = 2147483647;
			files = (
				D0780BAB1B353BED0034D275 /* CoreData.framework in Frameworks */,
			);
			runOnlyForDeploymentPostprocessing = 0;
		};
/* End PBXFrameworksBuildPhase section */

/* Begin PBXGroup section */
		D0780B751B35397D0034D275 = {
			isa = PBXGroup;
			children = (
				D0780BAA1B353BED0034D275 /* CoreData.framework */,
				D0780B801B35397D0034D275 /* Magnet Feed */,
				D0780B941B35397D0034D275 /* Magnet FeedTests */,
				D0780B7F1B35397D0034D275 /* Products */,
			);
			sourceTree = "<group>";
		};
		D0780B7F1B35397D0034D275 /* Products */ = {
			isa = PBXGroup;
			children = (
				D0780B7E1B35397D0034D275 /* Magnet Feed.app */,
			);
			name = Products;
			sourceTree = "<group>";
		};
		D0780B801B35397D0034D275 /* Magnet Feed */ = {
			isa = PBXGroup;
			children = (
				D0D180A524476A7E00D9F535 /* Business Logic */,
				D0D180A224475BAA00D9F535 /* Extensions */,
				D0780BB71B355EAA0034D275 /* Model Objects */,
				D0780B811B35397D0034D275 /* Supporting Files */,
				D0780BAC1B353FA50034D275 /* ViewControllers */,
				D0780B831B35397D0034D275 /* AppDelegate.h */,
				D0780B841B35397D0034D275 /* AppDelegate.m */,
				D0780B881B35397D0034D275 /* Images.xcassets */,
				D0780B8A1B35397D0034D275 /* MainMenu.xib */,
			);
			path = "Magnet Feed";
			sourceTree = "<group>";
		};
		D0780B811B35397D0034D275 /* Supporting Files */ = {
			isa = PBXGroup;
			children = (
				D08072A82440BA36001A3DAF /* Magnet Feed-Bridging-Header.h */,
				D0780B821B35397D0034D275 /* Info.plist */,
				D0780B861B35397D0034D275 /* main.m */,
			);
			name = "Supporting Files";
			sourceTree = "<group>";
		};
		D0780B941B35397D0034D275 /* Magnet FeedTests */ = {
			isa = PBXGroup;
			children = (
				D0780B971B35397D0034D275 /* Magnet_FeedTests.m */,
				D0780B951B35397D0034D275 /* Supporting Files */,
			);
			path = "Magnet FeedTests";
			sourceTree = "<group>";
		};
		D0780B951B35397D0034D275 /* Supporting Files */ = {
			isa = PBXGroup;
			children = (
				D0780B961B35397D0034D275 /* Info.plist */,
			);
			name = "Supporting Files";
			sourceTree = "<group>";
		};
		D0780BAC1B353FA50034D275 /* ViewControllers */ = {
			isa = PBXGroup;
			children = (
				D0780BB21B354A110034D275 /* SettingsWindowController.h */,
				D0780BB31B354A110034D275 /* SettingsWindowController.m */,
				D0780BB41B354A110034D275 /* SettingsWindowController.xib */,
				D05B12B71B372802008D62FA /* TorrentsWindowController.h */,
				D05B12B81B372802008D62FA /* TorrentsWindowController.m */,
				D05B12B91B372802008D62FA /* TorrentsWindowController.xib */,
				D08072A92440BA37001A3DAF /* AddSourceViewController.swift */,
				D08072AA2440BA37001A3DAF /* AddSourceView.xib */,
			);
			name = ViewControllers;
			sourceTree = "<group>";
		};
		D0780BB71B355EAA0034D275 /* Model Objects */ = {
			isa = PBXGroup;
			children = (
				D0780BA41B353A4D0034D275 /* Model.xcdatamodeld */,
				D0FA2AB11B38867B00B374FA /* Source.h */,
				D0FA2AB21B38867B00B374FA /* Source.m */,
				D0FA2AAE1B38867A00B374FA /* Torrent.h */,
				D0FA2AAF1B38867A00B374FA /* Torrent.m */,
			);
			name = "Model Objects";
			sourceTree = "<group>";
		};
		D0D180A224475BAA00D9F535 /* Extensions */ = {
			isa = PBXGroup;
			children = (
				D0D180A324475BC600D9F535 /* StringExtensions.swift */,
				D09F474D247D7FB3004E84C7 /* NotificationExtensions.swift */,
			);
			name = Extensions;
			sourceTree = "<group>";
		};
		D0D180A524476A7E00D9F535 /* Business Logic */ = {
			isa = PBXGroup;
			children = (
				D0780BA11B3539B40034D275 /* JTOXMLParser.h */,
				D0780BA21B3539B40034D275 /* JTOXMLParser.m */,
				D0780BA71B353BB40034D275 /* CoreDataService.h */,
				D0780BA81B353BB40034D275 /* CoreDataService.m */,
				D0D180A624476E1E00D9F535 /* TorrentService.swift */,
				D040BAAB247D72B9006D3A77 /* AlertProvider.swift */,
				D040BAAD247D7756006D3A77 /* NetworkService.swift */,
			);
			name = "Business Logic";
			sourceTree = "<group>";
		};
/* End PBXGroup section */

/* Begin PBXNativeTarget section */
		D0780B7D1B35397D0034D275 /* Magnet Feed */ = {
			isa = PBXNativeTarget;
			buildConfigurationList = D0780B9B1B35397D0034D275 /* Build configuration list for PBXNativeTarget "Magnet Feed" */;
			buildPhases = (
				D0780B7C1B35397D0034D275 /* Resources */,
				D0780B7B1B35397D0034D275 /* Frameworks */,
				D0780B7A1B35397D0034D275 /* Sources */,
			);
			buildRules = (
			);
			dependencies = (
			);
			name = "Magnet Feed";
			productName = "Magnet Feed";
			productReference = D0780B7E1B35397D0034D275 /* Magnet Feed.app */;
			productType = "com.apple.product-type.application";
		};
/* End PBXNativeTarget section */

/* Begin PBXProject section */
		D0780B761B35397D0034D275 /* Project object */ = {
			isa = PBXProject;
			attributes = {
				LastUpgradeCheck = 1150;
				ORGANIZATIONNAME = Oklasoft;
				TargetAttributes = {
					D0780B7D1B35397D0034D275 = {
						CreatedOnToolsVersion = 6.3.2;
						DevelopmentTeam = C2NSPAKWYK;
						LastSwiftMigration = 1140;
						ProvisioningStyle = Automatic;
					};
				};
			};
			buildConfigurationList = D0780B791B35397D0034D275 /* Build configuration list for PBXProject "Magnet Feed" */;
			compatibilityVersion = "Xcode 3.2";
			developmentRegion = en;
			hasScannedForEncodings = 0;
			knownRegions = (
				en,
				Base,
			);
			mainGroup = D0780B751B35397D0034D275;
			productRefGroup = D0780B7F1B35397D0034D275 /* Products */;
			projectDirPath = "";
			projectRoot = "";
			targets = (
				D0780B7D1B35397D0034D275 /* Magnet Feed */,
			);
		};
/* End PBXProject section */

/* Begin PBXResourcesBuildPhase section */
		D0780B7C1B35397D0034D275 /* Resources */ = {
			isa = PBXResourcesBuildPhase;
			buildActionMask = 2147483647;
			files = (
				D0780B891B35397D0034D275 /* Images.xcassets in Resources */,
				D08072AC2440BA37001A3DAF /* AddSourceView.xib in Resources */,
				D0780BB61B354A110034D275 /* SettingsWindowController.xib in Resources */,
				D05B12BB1B372802008D62FA /* TorrentsWindowController.xib in Resources */,
				D0780B8C1B35397D0034D275 /* MainMenu.xib in Resources */,
			);
			runOnlyForDeploymentPostprocessing = 0;
		};
/* End PBXResourcesBuildPhase section */

/* Begin PBXSourcesBuildPhase section */
		D0780B7A1B35397D0034D275 /* Sources */ = {
			isa = PBXSourcesBuildPhase;
			buildActionMask = 2147483647;
			files = (
				D0780B871B35397D0034D275 /* main.m in Sources */,
				D0780BA31B3539B40034D275 /* JTOXMLParser.m in Sources */,
				D05B12BA1B372802008D62FA /* TorrentsWindowController.m in Sources */,
				D040BAAC247D72B9006D3A77 /* AlertProvider.swift in Sources */,
				D0FA2AB31B38867B00B374FA /* Source.m in Sources */,
				D0780B851B35397D0034D275 /* AppDelegate.m in Sources */,
				D040BAAE247D7756006D3A77 /* NetworkService.swift in Sources */,
				D0780BA91B353BB40034D275 /* CoreDataService.m in Sources */,
				D0D180A424475BC600D9F535 /* StringExtensions.swift in Sources */,
				D0FA2AB01B38867A00B374FA /* Torrent.m in Sources */,
				D0D180A724476E1E00D9F535 /* TorrentService.swift in Sources */,
				D08072AB2440BA37001A3DAF /* AddSourceViewController.swift in Sources */,
				D0780BB51B354A110034D275 /* SettingsWindowController.m in Sources */,
				D09F474E247D7FB3004E84C7 /* NotificationExtensions.swift in Sources */,
				D0780BA61B353A4D0034D275 /* Model.xcdatamodeld in Sources */,
			);
			runOnlyForDeploymentPostprocessing = 0;
		};
/* End PBXSourcesBuildPhase section */

/* Begin PBXVariantGroup section */
		D0780B8A1B35397D0034D275 /* MainMenu.xib */ = {
			isa = PBXVariantGroup;
			children = (
				D0780B8B1B35397D0034D275 /* Base */,
			);
			name = MainMenu.xib;
			sourceTree = "<group>";
		};
/* End PBXVariantGroup section */

/* Begin XCBuildConfiguration section */
		D0780B991B35397D0034D275 /* Debug */ = {
			isa = XCBuildConfiguration;
			buildSettings = {
				ALWAYS_SEARCH_USER_PATHS = NO;
				CLANG_ANALYZER_LOCALIZABILITY_NONLOCALIZED = YES;
				CLANG_CXX_LANGUAGE_STANDARD = "gnu++0x";
				CLANG_CXX_LIBRARY = "libc++";
				CLANG_ENABLE_MODULES = YES;
				CLANG_ENABLE_OBJC_ARC = YES;
				CLANG_WARN_BLOCK_CAPTURE_AUTORELEASING = YES;
				CLANG_WARN_BOOL_CONVERSION = YES;
				CLANG_WARN_COMMA = YES;
				CLANG_WARN_CONSTANT_CONVERSION = YES;
				CLANG_WARN_DEPRECATED_OBJC_IMPLEMENTATIONS = YES;
				CLANG_WARN_DIRECT_OBJC_ISA_USAGE = YES_ERROR;
				CLANG_WARN_EMPTY_BODY = YES;
				CLANG_WARN_ENUM_CONVERSION = YES;
				CLANG_WARN_INFINITE_RECURSION = YES;
				CLANG_WARN_INT_CONVERSION = YES;
				CLANG_WARN_NON_LITERAL_NULL_CONVERSION = YES;
				CLANG_WARN_OBJC_IMPLICIT_RETAIN_SELF = YES;
				CLANG_WARN_OBJC_LITERAL_CONVERSION = YES;
				CLANG_WARN_OBJC_ROOT_CLASS = YES_ERROR;
				CLANG_WARN_RANGE_LOOP_ANALYSIS = YES;
				CLANG_WARN_STRICT_PROTOTYPES = YES;
				CLANG_WARN_SUSPICIOUS_MOVE = YES;
				CLANG_WARN_UNREACHABLE_CODE = YES;
				CLANG_WARN__DUPLICATE_METHOD_MATCH = YES;
				CODE_SIGN_IDENTITY = "-";
				COPY_PHASE_STRIP = NO;
				DEBUG_INFORMATION_FORMAT = dwarf;
				DEFINES_MODULE = YES;
				ENABLE_STRICT_OBJC_MSGSEND = YES;
				ENABLE_TESTABILITY = YES;
				GCC_C_LANGUAGE_STANDARD = gnu99;
				GCC_DYNAMIC_NO_PIC = NO;
				GCC_NO_COMMON_BLOCKS = YES;
				GCC_OPTIMIZATION_LEVEL = 0;
				GCC_PREPROCESSOR_DEFINITIONS = (
					"DEBUG=1",
					"$(inherited)",
				);
				GCC_SYMBOLS_PRIVATE_EXTERN = NO;
				GCC_WARN_64_TO_32_BIT_CONVERSION = YES;
				GCC_WARN_ABOUT_RETURN_TYPE = YES_ERROR;
				GCC_WARN_UNDECLARED_SELECTOR = YES;
				GCC_WARN_UNINITIALIZED_AUTOS = YES_AGGRESSIVE;
				GCC_WARN_UNUSED_FUNCTION = YES;
				GCC_WARN_UNUSED_VARIABLE = YES;
				MACOSX_DEPLOYMENT_TARGET = 10.10;
				MTL_ENABLE_DEBUG_INFO = YES;
				ONLY_ACTIVE_ARCH = YES;
				SDKROOT = macosx;
				SWIFT_OBJC_BRIDGING_HEADER = "$(SRCROOT)/Supporting Files/Magnet Feed-Bridging-Header.h";
			};
			name = Debug;
		};
		D0780B9A1B35397D0034D275 /* Release */ = {
			isa = XCBuildConfiguration;
			buildSettings = {
				ALWAYS_SEARCH_USER_PATHS = NO;
				CLANG_ANALYZER_LOCALIZABILITY_NONLOCALIZED = YES;
				CLANG_CXX_LANGUAGE_STANDARD = "gnu++0x";
				CLANG_CXX_LIBRARY = "libc++";
				CLANG_ENABLE_MODULES = YES;
				CLANG_ENABLE_OBJC_ARC = YES;
				CLANG_WARN_BLOCK_CAPTURE_AUTORELEASING = YES;
				CLANG_WARN_BOOL_CONVERSION = YES;
				CLANG_WARN_COMMA = YES;
				CLANG_WARN_CONSTANT_CONVERSION = YES;
				CLANG_WARN_DEPRECATED_OBJC_IMPLEMENTATIONS = YES;
				CLANG_WARN_DIRECT_OBJC_ISA_USAGE = YES_ERROR;
				CLANG_WARN_EMPTY_BODY = YES;
				CLANG_WARN_ENUM_CONVERSION = YES;
				CLANG_WARN_INFINITE_RECURSION = YES;
				CLANG_WARN_INT_CONVERSION = YES;
				CLANG_WARN_NON_LITERAL_NULL_CONVERSION = YES;
				CLANG_WARN_OBJC_IMPLICIT_RETAIN_SELF = YES;
				CLANG_WARN_OBJC_LITERAL_CONVERSION = YES;
				CLANG_WARN_OBJC_ROOT_CLASS = YES_ERROR;
				CLANG_WARN_RANGE_LOOP_ANALYSIS = YES;
				CLANG_WARN_STRICT_PROTOTYPES = YES;
				CLANG_WARN_SUSPICIOUS_MOVE = YES;
				CLANG_WARN_UNREACHABLE_CODE = YES;
				CLANG_WARN__DUPLICATE_METHOD_MATCH = YES;
				CODE_SIGN_IDENTITY = "-";
				COPY_PHASE_STRIP = NO;
				DEBUG_INFORMATION_FORMAT = "dwarf-with-dsym";
				DEFINES_MODULE = YES;
				ENABLE_NS_ASSERTIONS = NO;
				ENABLE_STRICT_OBJC_MSGSEND = YES;
				GCC_C_LANGUAGE_STANDARD = gnu99;
				GCC_NO_COMMON_BLOCKS = YES;
				GCC_WARN_64_TO_32_BIT_CONVERSION = YES;
				GCC_WARN_ABOUT_RETURN_TYPE = YES_ERROR;
				GCC_WARN_UNDECLARED_SELECTOR = YES;
				GCC_WARN_UNINITIALIZED_AUTOS = YES_AGGRESSIVE;
				GCC_WARN_UNUSED_FUNCTION = YES;
				GCC_WARN_UNUSED_VARIABLE = YES;
				MACOSX_DEPLOYMENT_TARGET = 10.10;
				MTL_ENABLE_DEBUG_INFO = NO;
				SDKROOT = macosx;
				SWIFT_COMPILATION_MODE = wholemodule;
				SWIFT_OBJC_BRIDGING_HEADER = "$(SRCROOT)/Supporting Files/Magnet Feed-Bridging-Header.h";
			};
			name = Release;
		};
		D0780B9C1B35397D0034D275 /* Debug */ = {
			isa = XCBuildConfiguration;
			buildSettings = {
				ASSETCATALOG_COMPILER_APPICON_NAME = AppIcon;
				CLANG_ENABLE_MODULES = YES;
				CODE_SIGN_IDENTITY = "Apple Development";
				CODE_SIGN_STYLE = Automatic;
				COMBINE_HIDPI_IMAGES = YES;
				DEVELOPMENT_TEAM = C2NSPAKWYK;
				ENABLE_HARDENED_RUNTIME = YES;
				INFOPLIST_FILE = "Magnet Feed/Info.plist";
				LD_RUNPATH_SEARCH_PATHS = "$(inherited) @executable_path/../Frameworks";
				MACOSX_DEPLOYMENT_TARGET = 10.15;
				PODS_BUILD_DIR = "";
				PODS_CONFIGURATION_BUILD_DIR = "";
				PODS_PODFILE_DIR_PATH = "";
				PODS_ROOT = "";
				PRODUCT_BUNDLE_IDENTIFIER = com.joakes.magnetfeed;
				PRODUCT_NAME = "$(TARGET_NAME)";
				PROVISIONING_PROFILE_SPECIFIER = "";
				SWIFT_COMPILATION_MODE = singlefile;
				SWIFT_INSTALL_OBJC_HEADER = YES;
				SWIFT_OBJC_BRIDGING_HEADER = "Magnet Feed/Magnet Feed-Bridging-Header.h";
				SWIFT_OPTIMIZATION_LEVEL = "-Onone";
				SWIFT_PRECOMPILE_BRIDGING_HEADER = YES;
				SWIFT_VERSION = 5.0;
				USER_HEADER_SEARCH_PATHS = "";
			};
			name = Debug;
		};
		D0780B9D1B35397D0034D275 /* Release */ = {
			isa = XCBuildConfiguration;
			buildSettings = {
				ASSETCATALOG_COMPILER_APPICON_NAME = AppIcon;
				CLANG_ENABLE_MODULES = YES;
				CODE_SIGN_IDENTITY = "Apple Development";
				CODE_SIGN_STYLE = Automatic;
				COMBINE_HIDPI_IMAGES = YES;
				DEVELOPMENT_TEAM = C2NSPAKWYK;
				ENABLE_HARDENED_RUNTIME = YES;
				INFOPLIST_FILE = "Magnet Feed/Info.plist";
				LD_RUNPATH_SEARCH_PATHS = "$(inherited) @executable_path/../Frameworks";
				MACOSX_DEPLOYMENT_TARGET = 10.15;
				PODS_BUILD_DIR = "";
				PODS_CONFIGURATION_BUILD_DIR = "";
				PODS_PODFILE_DIR_PATH = "";
				PODS_ROOT = "";
				PRODUCT_BUNDLE_IDENTIFIER = com.joakes.magnetfeed;
				PRODUCT_NAME = "$(TARGET_NAME)";
				PROVISIONING_PROFILE_SPECIFIER = "";
				SWIFT_INSTALL_OBJC_HEADER = YES;
				SWIFT_OBJC_BRIDGING_HEADER = "Magnet Feed/Magnet Feed-Bridging-Header.h";
				SWIFT_PRECOMPILE_BRIDGING_HEADER = YES;
				SWIFT_VERSION = 5.0;
				USER_HEADER_SEARCH_PATHS = "";
			};
			name = Release;
		};
/* End XCBuildConfiguration section */

/* Begin XCConfigurationList section */
		D0780B791B35397D0034D275 /* Build configuration list for PBXProject "Magnet Feed" */ = {
			isa = XCConfigurationList;
			buildConfigurations = (
				D0780B991B35397D0034D275 /* Debug */,
				D0780B9A1B35397D0034D275 /* Release */,
			);
			defaultConfigurationIsVisible = 0;
			defaultConfigurationName = Release;
		};
		D0780B9B1B35397D0034D275 /* Build configuration list for PBXNativeTarget "Magnet Feed" */ = {
			isa = XCConfigurationList;
			buildConfigurations = (
				D0780B9C1B35397D0034D275 /* Debug */,
				D0780B9D1B35397D0034D275 /* Release */,
			);
			defaultConfigurationIsVisible = 0;
			defaultConfigurationName = Release;
		};
/* End XCConfigurationList section */

/* Begin XCVersionGroup section */
		D0780BA41B353A4D0034D275 /* Model.xcdatamodeld */ = {
			isa = XCVersionGroup;
			children = (
				D0780BA51B353A4D0034D275 /* Model.xcdatamodel */,
			);
			currentVersion = D0780BA51B353A4D0034D275 /* Model.xcdatamodel */;
			path = Model.xcdatamodeld;
			sourceTree = "<group>";
			versionGroupType = wrapper.xcdatamodel;
		};
/* End XCVersionGroup section */
	};
	rootObject = D0780B761B35397D0034D275 /* Project object */;
}
